<Solution>
  <Folder Name="/src/">
    <Project Path="src/Dotnet.FakeUserAgents/Dotnet.FakeUserAgents.csproj" />
  </Folder>
  <Folder Name="/tests/">
    <Project Path="tests/Dotnet.FakeUserAgents.Tests/Dotnet.FakeUserAgents.Tests.csproj" />
  </Folder>
  <Folder Name="/samples/">
    <Project Path="samples/Dotnet.FakeUserAgents.Console/Dotnet.FakeUserAgents.Console.csproj" />
  </Folder>
  <Folder Name="/benchmarks/">
    <Project Path="benchmarks/Dotnet.FakeUserAgents.Benchmarks/Dotnet.FakeUserAgents.Benchmarks.csproj" />
  </Folder>
</Solution>
